// !$*UTF8*$!
{
	archiveVersion = 1;
	classes = {
	};
	objectVersion = 56;
	objects = {

/* Begin PBXBuildFile section */
		1C020AFA2A1D3F7700AC174A /* WeatherDayView.swift in Sources */ = {isa = PBXBuildFile; fileRef = 1C020AF92A1D3F7700AC174A /* WeatherDayView.swift */; };
		1C7DDF9F2A1CFBB5000A6EA8 /* Montserrat-MediumItalic.ttf in Resources */ = {isa = PBXBuildFile; fileRef = 1C7DDF8D2A1CFBB4000A6EA8 /* Montserrat-MediumItalic.ttf */; };
		1C7DDFA02A1CFBB5000A6EA8 /* Montserrat-Black.ttf in Resources */ = {isa = PBXBuildFile; fileRef = 1C7DDF8E2A1CFBB4000A6EA8 /* Montserrat-Black.ttf */; };
		1C7DDFA12A1CFBB5000A6EA8 /* Montserrat-Light.ttf in Resources */ = {isa = PBXBuildFile; fileRef = 1C7DDF8F2A1CFBB4000A6EA8 /* Montserrat-Light.ttf */; };
		1C7DDFA22A1CFBB5000A6EA8 /* Montserrat-Italic.ttf in Resources */ = {isa = PBXBuildFile; fileRef = 1C7DDF902A1CFBB4000A6EA8 /* Montserrat-Italic.ttf */; };
		1C7DDFA32A1CFBB5000A6EA8 /* Montserrat-Thin.ttf in Resources */ = {isa = PBXBuildFile; fileRef = 1C7DDF912A1CFBB4000A6EA8 /* Montserrat-Thin.ttf */; };
		1C7DDFA42A1CFBB5000A6EA8 /* Montserrat-LightItalic.ttf in Resources */ = {isa = PBXBuildFile; fileRef = 1C7DDF922A1CFBB4000A6EA8 /* Montserrat-LightItalic.ttf */; };
		1C7DDFA52A1CFBB5000A6EA8 /* Montserrat-SemiBold.ttf in Resources */ = {isa = PBXBuildFile; fileRef = 1C7DDF932A1CFBB4000A6EA8 /* Montserrat-SemiBold.ttf */; };
		1C7DDFA62A1CFBB5000A6EA8 /* Montserrat-BoldItalic.ttf in Resources */ = {isa = PBXBuildFile; fileRef = 1C7DDF942A1CFBB4000A6EA8 /* Montserrat-BoldItalic.ttf */; };
		1C7DDFA72A1CFBB5000A6EA8 /* Montserrat-ThinItalic.ttf in Resources */ = {isa = PBXBuildFile; fileRef = 1C7DDF952A1CFBB4000A6EA8 /* Montserrat-ThinItalic.ttf */; };
		1C7DDFA82A1CFBB5000A6EA8 /* Montserrat-SemiBoldItalic.ttf in Resources */ = {isa = PBXBuildFile; fileRef = 1C7DDF962A1CFBB4000A6EA8 /* Montserrat-SemiBoldItalic.ttf */; };
		1C7DDFA92A1CFBB5000A6EA8 /* Montserrat-ExtraBold.ttf in Resources */ = {isa = PBXBuildFile; fileRef = 1C7DDF972A1CFBB4000A6EA8 /* Montserrat-ExtraBold.ttf */; };
		1C7DDFAA2A1CFBB5000A6EA8 /* Montserrat-Medium.ttf in Resources */ = {isa = PBXBuildFile; fileRef = 1C7DDF982A1CFBB4000A6EA8 /* Montserrat-Medium.ttf */; };
		1C7DDFAB2A1CFBB5000A6EA8 /* Montserrat-ExtraLight.ttf in Resources */ = {isa = PBXBuildFile; fileRef = 1C7DDF992A1CFBB5000A6EA8 /* Montserrat-ExtraLight.ttf */; };
		1C7DDFAC2A1CFBB5000A6EA8 /* Montserrat-Regular.ttf in Resources */ = {isa = PBXBuildFile; fileRef = 1C7DDF9A2A1CFBB5000A6EA8 /* Montserrat-Regular.ttf */; };
		1C7DDFAD2A1CFBB5000A6EA8 /* Montserrat-ExtraBoldItalic.ttf in Resources */ = {isa = PBXBuildFile; fileRef = 1C7DDF9B2A1CFBB5000A6EA8 /* Montserrat-ExtraBoldItalic.ttf */; };
		1C7DDFAE2A1CFBB5000A6EA8 /* Montserrat-ExtraLightItalic.ttf in Resources */ = {isa = PBXBuildFile; fileRef = 1C7DDF9C2A1CFBB5000A6EA8 /* Montserrat-ExtraLightItalic.ttf */; };
		1C7DDFAF2A1CFBB5000A6EA8 /* Montserrat-BlackItalic.ttf in Resources */ = {isa = PBXBuildFile; fileRef = 1C7DDF9D2A1CFBB5000A6EA8 /* Montserrat-BlackItalic.ttf */; };
		1C7DDFB02A1CFBB5000A6EA8 /* Montserrat-Bold.ttf in Resources */ = {isa = PBXBuildFile; fileRef = 1C7DDF9E2A1CFBB5000A6EA8 /* Montserrat-Bold.ttf */; };
		1C7DDFB42A1D398E000A6EA8 /* WeekModel.swift in Sources */ = {isa = PBXBuildFile; fileRef = 1C7DDFB32A1D398E000A6EA8 /* WeekModel.swift */; };
		1CFAB1F62A1109F500302D88 /* AppDelegate.swift in Sources */ = {isa = PBXBuildFile; fileRef = 1CFAB1F52A1109F500302D88 /* AppDelegate.swift */; };
		1CFAB1F82A1109F500302D88 /* SceneDelegate.swift in Sources */ = {isa = PBXBuildFile; fileRef = 1CFAB1F72A1109F500302D88 /* SceneDelegate.swift */; };
		1CFAB1FA2A1109F500302D88 /* ViewController.swift in Sources */ = {isa = PBXBuildFile; fileRef = 1CFAB1F92A1109F500302D88 /* ViewController.swift */; };
		1CFAB1FF2A1109F600302D88 /* Assets.xcassets in Resources */ = {isa = PBXBuildFile; fileRef = 1CFAB1FE2A1109F600302D88 /* Assets.xcassets */; };
		1CFAB2022A1109F600302D88 /* LaunchScreen.storyboard in Resources */ = {isa = PBXBuildFile; fileRef = 1CFAB2002A1109F600302D88 /* LaunchScreen.storyboard */; };
		1CFAB20E2A11174900302D88 /* WeatherModel.swift in Sources */ = {isa = PBXBuildFile; fileRef = 1CFAB20D2A11174900302D88 /* WeatherModel.swift */; };
		1CFAB2102A11179500302D88 /* Service.swift in Sources */ = {isa = PBXBuildFile; fileRef = 1CFAB20F2A11179500302D88 /* Service.swift */; };
		1CFAB2122A11183000302D88 /* ViewModel.swift in Sources */ = {isa = PBXBuildFile; fileRef = 1CFAB2112A11183000302D88 /* ViewModel.swift */; };
		1CFAB2152A11184F00302D88 /* SnapKit in Frameworks */ = {isa = PBXBuildFile; productRef = 1CFAB2142A11184F00302D88 /* SnapKit */; };
		1CFAB2172A1119C800302D88 /* MainView.swift in Sources */ = {isa = PBXBuildFile; fileRef = 1CFAB2162A1119C800302D88 /* MainView.swift */; };
/* End PBXBuildFile section */

/* Begin PBXFileReference section */
		1C020AF92A1D3F7700AC174A /* WeatherDayView.swift */ = {isa = PBXFileReference; lastKnownFileType = sourcecode.swift; path = WeatherDayView.swift; sourceTree = "<group>"; };
		1C7DDF8D2A1CFBB4000A6EA8 /* Montserrat-MediumItalic.ttf */ = {isa = PBXFileReference; lastKnownFileType = file; path = "Montserrat-MediumItalic.ttf"; sourceTree = "<group>"; };
		1C7DDF8E2A1CFBB4000A6EA8 /* Montserrat-Black.ttf */ = {isa = PBXFileReference; lastKnownFileType = file; path = "Montserrat-Black.ttf"; sourceTree = "<group>"; };
		1C7DDF8F2A1CFBB4000A6EA8 /* Montserrat-Light.ttf */ = {isa = PBXFileReference; lastKnownFileType = file; name = "Montserrat-Light.ttf"; path = "../../../../../Downloads/Montserrat/static/Montserrat-Light.ttf"; sourceTree = "<group>"; };
		1C7DDF902A1CFBB4000A6EA8 /* Montserrat-Italic.ttf */ = {isa = PBXFileReference; lastKnownFileType = file; path = "Montserrat-Italic.ttf"; sourceTree = "<group>"; };
		1C7DDF912A1CFBB4000A6EA8 /* Montserrat-Thin.ttf */ = {isa = PBXFileReference; lastKnownFileType = file; path = "Montserrat-Thin.ttf"; sourceTree = "<group>"; };
		1C7DDF922A1CFBB4000A6EA8 /* Montserrat-LightItalic.ttf */ = {isa = PBXFileReference; lastKnownFileType = file; path = "Montserrat-LightItalic.ttf"; sourceTree = "<group>"; };
		1C7DDF932A1CFBB4000A6EA8 /* Montserrat-SemiBold.ttf */ = {isa = PBXFileReference; lastKnownFileType = file; path = "Montserrat-SemiBold.ttf"; sourceTree = "<group>"; };
		1C7DDF942A1CFBB4000A6EA8 /* Montserrat-BoldItalic.ttf */ = {isa = PBXFileReference; lastKnownFileType = file; path = "Montserrat-BoldItalic.ttf"; sourceTree = "<group>"; };
		1C7DDF952A1CFBB4000A6EA8 /* Montserrat-ThinItalic.ttf */ = {isa = PBXFileReference; lastKnownFileType = file; path = "Montserrat-ThinItalic.ttf"; sourceTree = "<group>"; };
		1C7DDF962A1CFBB4000A6EA8 /* Montserrat-SemiBoldItalic.ttf */ = {isa = PBXFileReference; lastKnownFileType = file; path = "Montserrat-SemiBoldItalic.ttf"; sourceTree = "<group>"; };
		1C7DDF972A1CFBB4000A6EA8 /* Montserrat-ExtraBold.ttf */ = {isa = PBXFileReference; lastKnownFileType = file; path = "Montserrat-ExtraBold.ttf"; sourceTree = "<group>"; };
		1C7DDF982A1CFBB4000A6EA8 /* Montserrat-Medium.ttf */ = {isa = PBXFileReference; lastKnownFileType = file; path = "Montserrat-Medium.ttf"; sourceTree = "<group>"; };
		1C7DDF992A1CFBB5000A6EA8 /* Montserrat-ExtraLight.ttf */ = {isa = PBXFileReference; lastKnownFileType = file; path = "Montserrat-ExtraLight.ttf"; sourceTree = "<group>"; };
		1C7DDF9A2A1CFBB5000A6EA8 /* Montserrat-Regular.ttf */ = {isa = PBXFileReference; lastKnownFileType = file; path = "Montserrat-Regular.ttf"; sourceTree = "<group>"; };
		1C7DDF9B2A1CFBB5000A6EA8 /* Montserrat-ExtraBoldItalic.ttf */ = {isa = PBXFileReference; lastKnownFileType = file; path = "Montserrat-ExtraBoldItalic.ttf"; sourceTree = "<group>"; };
		1C7DDF9C2A1CFBB5000A6EA8 /* Montserrat-ExtraLightItalic.ttf */ = {isa = PBXFileReference; lastKnownFileType = file; path = "Montserrat-ExtraLightItalic.ttf"; sourceTree = "<group>"; };
		1C7DDF9D2A1CFBB5000A6EA8 /* Montserrat-BlackItalic.ttf */ = {isa = PBXFileReference; lastKnownFileType = file; path = "Montserrat-BlackItalic.ttf"; sourceTree = "<group>"; };
		1C7DDF9E2A1CFBB5000A6EA8 /* Montserrat-Bold.ttf */ = {isa = PBXFileReference; lastKnownFileType = file; path = "Montserrat-Bold.ttf"; sourceTree = "<group>"; };
		1C7DDFB32A1D398E000A6EA8 /* WeekModel.swift */ = {isa = PBXFileReference; lastKnownFileType = sourcecode.swift; path = WeekModel.swift; sourceTree = "<group>"; };
		1CFAB1F22A1109F500302D88 /* Neobis_iOS_WeatherApp.app */ = {isa = PBXFileReference; explicitFileType = wrapper.application; includeInIndex = 0; path = Neobis_iOS_WeatherApp.app; sourceTree = BUILT_PRODUCTS_DIR; };
		1CFAB1F52A1109F500302D88 /* AppDelegate.swift */ = {isa = PBXFileReference; lastKnownFileType = sourcecode.swift; path = AppDelegate.swift; sourceTree = "<group>"; };
		1CFAB1F72A1109F500302D88 /* SceneDelegate.swift */ = {isa = PBXFileReference; lastKnownFileType = sourcecode.swift; path = SceneDelegate.swift; sourceTree = "<group>"; };
		1CFAB1F92A1109F500302D88 /* ViewController.swift */ = {isa = PBXFileReference; lastKnownFileType = sourcecode.swift; path = ViewController.swift; sourceTree = "<group>"; };
		1CFAB1FE2A1109F600302D88 /* Assets.xcassets */ = {isa = PBXFileReference; lastKnownFileType = folder.assetcatalog; path = Assets.xcassets; sourceTree = "<group>"; };
		1CFAB2012A1109F600302D88 /* Base */ = {isa = PBXFileReference; lastKnownFileType = file.storyboard; name = Base; path = Base.lproj/LaunchScreen.storyboard; sourceTree = "<group>"; };
		1CFAB2032A1109F600302D88 /* Info.plist */ = {isa = PBXFileReference; lastKnownFileType = text.plist.xml; path = Info.plist; sourceTree = "<group>"; };
		1CFAB20D2A11174900302D88 /* WeatherModel.swift */ = {isa = PBXFileReference; lastKnownFileType = sourcecode.swift; path = WeatherModel.swift; sourceTree = "<group>"; };
		1CFAB20F2A11179500302D88 /* Service.swift */ = {isa = PBXFileReference; lastKnownFileType = sourcecode.swift; path = Service.swift; sourceTree = "<group>"; };
		1CFAB2112A11183000302D88 /* ViewModel.swift */ = {isa = PBXFileReference; lastKnownFileType = sourcecode.swift; path = ViewModel.swift; sourceTree = "<group>"; };
		1CFAB2162A1119C800302D88 /* MainView.swift */ = {isa = PBXFileReference; lastKnownFileType = sourcecode.swift; path = MainView.swift; sourceTree = "<group>"; };
/* End PBXFileReference section */

/* Begin PBXFrameworksBuildPhase section */
		1CFAB1EF2A1109F500302D88 /* Frameworks */ = {
			isa = PBXFrameworksBuildPhase;
			buildActionMask = 2147483647;
			files = (
				1CFAB2152A11184F00302D88 /* SnapKit in Frameworks */,
			);
			runOnlyForDeploymentPostprocessing = 0;
		};
/* End PBXFrameworksBuildPhase section */

/* Begin PBXGroup section */
		1C7DDF8A2A1B5A7E000A6EA8 /* Font */ = {
			isa = PBXGroup;
			children = (
				1C7DDF8E2A1CFBB4000A6EA8 /* Montserrat-Black.ttf */,
				1C7DDF9D2A1CFBB5000A6EA8 /* Montserrat-BlackItalic.ttf */,
				1C7DDF9E2A1CFBB5000A6EA8 /* Montserrat-Bold.ttf */,
				1C7DDF942A1CFBB4000A6EA8 /* Montserrat-BoldItalic.ttf */,
				1C7DDF972A1CFBB4000A6EA8 /* Montserrat-ExtraBold.ttf */,
				1C7DDF9B2A1CFBB5000A6EA8 /* Montserrat-ExtraBoldItalic.ttf */,
				1C7DDF992A1CFBB5000A6EA8 /* Montserrat-ExtraLight.ttf */,
				1C7DDF9C2A1CFBB5000A6EA8 /* Montserrat-ExtraLightItalic.ttf */,
				1C7DDF902A1CFBB4000A6EA8 /* Montserrat-Italic.ttf */,
				1C7DDF8F2A1CFBB4000A6EA8 /* Montserrat-Light.ttf */,
				1C7DDF922A1CFBB4000A6EA8 /* Montserrat-LightItalic.ttf */,
				1C7DDF982A1CFBB4000A6EA8 /* Montserrat-Medium.ttf */,
				1C7DDF8D2A1CFBB4000A6EA8 /* Montserrat-MediumItalic.ttf */,
				1C7DDF9A2A1CFBB5000A6EA8 /* Montserrat-Regular.ttf */,
				1C7DDF932A1CFBB4000A6EA8 /* Montserrat-SemiBold.ttf */,
				1C7DDF962A1CFBB4000A6EA8 /* Montserrat-SemiBoldItalic.ttf */,
				1C7DDF912A1CFBB4000A6EA8 /* Montserrat-Thin.ttf */,
				1C7DDF952A1CFBB4000A6EA8 /* Montserrat-ThinItalic.ttf */,
			);
			path = Font;
			sourceTree = "<group>";
		};
		1CFAB1E92A1109F400302D88 = {
			isa = PBXGroup;
			children = (
				1CFAB1F42A1109F500302D88 /* Neobis_iOS_WeatherApp */,
				1CFAB1F32A1109F500302D88 /* Products */,
			);
			sourceTree = "<group>";
		};
		1CFAB1F32A1109F500302D88 /* Products */ = {
			isa = PBXGroup;
			children = (
				1CFAB1F22A1109F500302D88 /* Neobis_iOS_WeatherApp.app */,
			);
			name = Products;
			sourceTree = "<group>";
		};
		1CFAB1F42A1109F500302D88 /* Neobis_iOS_WeatherApp */ = {
			isa = PBXGroup;
			children = (
				1CFAB20C2A11158000302D88 /* Service */,
				1CFAB20B2A110A1200302D88 /* ViewModels */,
				1CFAB20A2A110A0D00302D88 /* Views */,
				1CFAB2092A110A0700302D88 /* Models */,
				1CFAB1F52A1109F500302D88 /* AppDelegate.swift */,
				1CFAB1F72A1109F500302D88 /* SceneDelegate.swift */,
				1CFAB1FE2A1109F600302D88 /* Assets.xcassets */,
				1CFAB2002A1109F600302D88 /* LaunchScreen.storyboard */,
				1CFAB2032A1109F600302D88 /* Info.plist */,
				1C7DDF8A2A1B5A7E000A6EA8 /* Font */,
			);
			path = Neobis_iOS_WeatherApp;
			sourceTree = "<group>";
		};
		1CFAB2092A110A0700302D88 /* Models */ = {
			isa = PBXGroup;
			children = (
				1CFAB20D2A11174900302D88 /* WeatherModel.swift */,
				1C7DDFB32A1D398E000A6EA8 /* WeekModel.swift */,
			);
			path = Models;
			sourceTree = "<group>";
		};
		1CFAB20A2A110A0D00302D88 /* Views */ = {
			isa = PBXGroup;
			children = (
				1CFAB1F92A1109F500302D88 /* ViewController.swift */,
				1CFAB2162A1119C800302D88 /* MainView.swift */,
				1C020AF92A1D3F7700AC174A /* WeatherDayView.swift */,
			);
			path = Views;
			sourceTree = "<group>";
		};
		1CFAB20B2A110A1200302D88 /* ViewModels */ = {
			isa = PBXGroup;
			children = (
				1CFAB2112A11183000302D88 /* ViewModel.swift */,
			);
			path = ViewModels;
			sourceTree = "<group>";
		};
		1CFAB20C2A11158000302D88 /* Service */ = {
			isa = PBXGroup;
			children = (
				1CFAB20F2A11179500302D88 /* Service.swift */,
			);
			path = Service;
			sourceTree = "<group>";
		};
/* End PBXGroup section */

/* Begin PBXNativeTarget section */
		1CFAB1F12A1109F500302D88 /* Neobis_iOS_WeatherApp */ = {
			isa = PBXNativeTarget;
			buildConfigurationList = 1CFAB2062A1109F600302D88 /* Build configuration list for PBXNativeTarget "Neobis_iOS_WeatherApp" */;
			buildPhases = (
				1CFAB1EE2A1109F500302D88 /* Sources */,
				1CFAB1EF2A1109F500302D88 /* Frameworks */,
				1CFAB1F02A1109F500302D88 /* Resources */,
			);
			buildRules = (
			);
			dependencies = (
			);
			name = Neobis_iOS_WeatherApp;
			packageProductDependencies = (
				1CFAB2142A11184F00302D88 /* SnapKit */,
			);
			productName = Neobis_iOS_WeatherApp;
			productReference = 1CFAB1F22A1109F500302D88 /* Neobis_iOS_WeatherApp.app */;
			productType = "com.apple.product-type.application";
		};
/* End PBXNativeTarget section */

/* Begin PBXProject section */
		1CFAB1EA2A1109F400302D88 /* Project object */ = {
			isa = PBXProject;
			attributes = {
				BuildIndependentTargetsInParallel = 1;
				LastSwiftUpdateCheck = 1430;
				LastUpgradeCheck = 1430;
				TargetAttributes = {
					1CFAB1F12A1109F500302D88 = {
						CreatedOnToolsVersion = 14.3;
					};
				};
			};
			buildConfigurationList = 1CFAB1ED2A1109F400302D88 /* Build configuration list for PBXProject "Neobis_iOS_WeatherApp" */;
			compatibilityVersion = "Xcode 14.0";
			developmentRegion = en;
			hasScannedForEncodings = 0;
			knownRegions = (
				en,
				Base,
			);
			mainGroup = 1CFAB1E92A1109F400302D88;
			packageReferences = (
				1CFAB2132A11184F00302D88 /* XCRemoteSwiftPackageReference "Snapkit" */,
			);
			productRefGroup = 1CFAB1F32A1109F500302D88 /* Products */;
			projectDirPath = "";
			projectRoot = "";
			targets = (
				1CFAB1F12A1109F500302D88 /* Neobis_iOS_WeatherApp */,
			);
		};
/* End PBXProject section */

/* Begin PBXResourcesBuildPhase section */
		1CFAB1F02A1109F500302D88 /* Resources */ = {
			isa = PBXResourcesBuildPhase;
			buildActionMask = 2147483647;
			files = (
				1C7DDFA12A1CFBB5000A6EA8 /* Montserrat-Light.ttf in Resources */,
				1C7DDFAA2A1CFBB5000A6EA8 /* Montserrat-Medium.ttf in Resources */,
				1C7DDFAC2A1CFBB5000A6EA8 /* Montserrat-Regular.ttf in Resources */,
				1C7DDFA72A1CFBB5000A6EA8 /* Montserrat-ThinItalic.ttf in Resources */,
				1C7DDFA02A1CFBB5000A6EA8 /* Montserrat-Black.ttf in Resources */,
				1CFAB2022A1109F600302D88 /* LaunchScreen.storyboard in Resources */,
				1C7DDFA92A1CFBB5000A6EA8 /* Montserrat-ExtraBold.ttf in Resources */,
				1C7DDFA62A1CFBB5000A6EA8 /* Montserrat-BoldItalic.ttf in Resources */,
				1C7DDFAD2A1CFBB5000A6EA8 /* Montserrat-ExtraBoldItalic.ttf in Resources */,
				1C7DDFA82A1CFBB5000A6EA8 /* Montserrat-SemiBoldItalic.ttf in Resources */,
				1C7DDFA52A1CFBB5000A6EA8 /* Montserrat-SemiBold.ttf in Resources */,
				1C7DDF9F2A1CFBB5000A6EA8 /* Montserrat-MediumItalic.ttf in Resources */,
				1C7DDFAF2A1CFBB5000A6EA8 /* Montserrat-BlackItalic.ttf in Resources */,
				1CFAB1FF2A1109F600302D88 /* Assets.xcassets in Resources */,
				1C7DDFA32A1CFBB5000A6EA8 /* Montserrat-Thin.ttf in Resources */,
				1C7DDFAE2A1CFBB5000A6EA8 /* Montserrat-ExtraLightItalic.ttf in Resources */,
				1C7DDFAB2A1CFBB5000A6EA8 /* Montserrat-ExtraLight.ttf in Resources */,
				1C7DDFA22A1CFBB5000A6EA8 /* Montserrat-Italic.ttf in Resources */,
				1C7DDFA42A1CFBB5000A6EA8 /* Montserrat-LightItalic.ttf in Resources */,
				1C7DDFB02A1CFBB5000A6EA8 /* Montserrat-Bold.ttf in Resources */,
			);
			runOnlyForDeploymentPostprocessing = 0;
		};
/* End PBXResourcesBuildPhase section */

/* Begin PBXSourcesBuildPhase section */
		1CFAB1EE2A1109F500302D88 /* Sources */ = {
			isa = PBXSourcesBuildPhase;
			buildActionMask = 2147483647;
			files = (
				1CFAB1FA2A1109F500302D88 /* ViewController.swift in Sources */,
				1CFAB2172A1119C800302D88 /* MainView.swift in Sources */,
				1CFAB1F62A1109F500302D88 /* AppDelegate.swift in Sources */,
				1C020AFA2A1D3F7700AC174A /* WeatherDayView.swift in Sources */,
				1CFAB2102A11179500302D88 /* Service.swift in Sources */,
				1CFAB20E2A11174900302D88 /* WeatherModel.swift in Sources */,
				1CFAB2122A11183000302D88 /* ViewModel.swift in Sources */,
				1CFAB1F82A1109F500302D88 /* SceneDelegate.swift in Sources */,
				1C7DDFB42A1D398E000A6EA8 /* WeekModel.swift in Sources */,
			);
			runOnlyForDeploymentPostprocessing = 0;
		};
/* End PBXSourcesBuildPhase section */

/* Begin PBXVariantGroup section */
		1CFAB2002A1109F600302D88 /* LaunchScreen.storyboard */ = {
			isa = PBXVariantGroup;
			children = (
				1CFAB2012A1109F600302D88 /* Base */,
			);
			name = LaunchScreen.storyboard;
			sourceTree = "<group>";
		};
/* End PBXVariantGroup section */

/* Begin XCBuildConfiguration section */
		1CFAB2042A1109F600302D88 /* Debug */ = {
			isa = XCBuildConfiguration;
			buildSettings = {
				ALWAYS_SEARCH_USER_PATHS = NO;
				CLANG_ANALYZER_NONNULL = YES;
				CLANG_ANALYZER_NUMBER_OBJECT_CONVERSION = YES_AGGRESSIVE;
				CLANG_CXX_LANGUAGE_STANDARD = "gnu++20";
				CLANG_ENABLE_MODULES = YES;
				CLANG_ENABLE_OBJC_ARC = YES;
				CLANG_ENABLE_OBJC_WEAK = YES;
				CLANG_WARN_BLOCK_CAPTURE_AUTORELEASING = YES;
				CLANG_WARN_BOOL_CONVERSION = YES;
				CLANG_WARN_COMMA = YES;
				CLANG_WARN_CONSTANT_CONVERSION = YES;
				CLANG_WARN_DEPRECATED_OBJC_IMPLEMENTATIONS = YES;
				CLANG_WARN_DIRECT_OBJC_ISA_USAGE = YES_ERROR;
				CLANG_WARN_DOCUMENTATION_COMMENTS = YES;
				CLANG_WARN_EMPTY_BODY = YES;
				CLANG_WARN_ENUM_CONVERSION = YES;
				CLANG_WARN_INFINITE_RECURSION = YES;
				CLANG_WARN_INT_CONVERSION = YES;
				CLANG_WARN_NON_LITERAL_NULL_CONVERSION = YES;
				CLANG_WARN_OBJC_IMPLICIT_RETAIN_SELF = YES;
				CLANG_WARN_OBJC_LITERAL_CONVERSION = YES;
				CLANG_WARN_OBJC_ROOT_CLASS = YES_ERROR;
				CLANG_WARN_QUOTED_INCLUDE_IN_FRAMEWORK_HEADER = YES;
				CLANG_WARN_RANGE_LOOP_ANALYSIS = YES;
				CLANG_WARN_STRICT_PROTOTYPES = YES;
				CLANG_WARN_SUSPICIOUS_MOVE = YES;
				CLANG_WARN_UNGUARDED_AVAILABILITY = YES_AGGRESSIVE;
				CLANG_WARN_UNREACHABLE_CODE = YES;
				CLANG_WARN__DUPLICATE_METHOD_MATCH = YES;
				COPY_PHASE_STRIP = NO;
				DEBUG_INFORMATION_FORMAT = dwarf;
				ENABLE_STRICT_OBJC_MSGSEND = YES;
				ENABLE_TESTABILITY = YES;
				GCC_C_LANGUAGE_STANDARD = gnu11;
				GCC_DYNAMIC_NO_PIC = NO;
				GCC_NO_COMMON_BLOCKS = YES;
				GCC_OPTIMIZATION_LEVEL = 0;
				GCC_PREPROCESSOR_DEFINITIONS = (
					"DEBUG=1",
					"$(inherited)",
				);
				GCC_WARN_64_TO_32_BIT_CONVERSION = YES;
				GCC_WARN_ABOUT_RETURN_TYPE = YES_ERROR;
				GCC_WARN_UNDECLARED_SELECTOR = YES;
				GCC_WARN_UNINITIALIZED_AUTOS = YES_AGGRESSIVE;
				GCC_WARN_UNUSED_FUNCTION = YES;
				GCC_WARN_UNUSED_VARIABLE = YES;
				IPHONEOS_DEPLOYMENT_TARGET = 16.4;
				MTL_ENABLE_DEBUG_INFO = INCLUDE_SOURCE;
				MTL_FAST_MATH = YES;
				ONLY_ACTIVE_ARCH = YES;
				SDKROOT = iphoneos;
				SWIFT_ACTIVE_COMPILATION_CONDITIONS = DEBUG;
				SWIFT_OPTIMIZATION_LEVEL = "-Onone";
			};
			name = Debug;
		};
		1CFAB2052A1109F600302D88 /* Release */ = {
			isa = XCBuildConfiguration;
			buildSettings = {
				ALWAYS_SEARCH_USER_PATHS = NO;
				CLANG_ANALYZER_NONNULL = YES;
				CLANG_ANALYZER_NUMBER_OBJECT_CONVERSION = YES_AGGRESSIVE;
				CLANG_CXX_LANGUAGE_STANDARD = "gnu++20";
				CLANG_ENABLE_MODULES = YES;
				CLANG_ENABLE_OBJC_ARC = YES;
				CLANG_ENABLE_OBJC_WEAK = YES;
				CLANG_WARN_BLOCK_CAPTURE_AUTORELEASING = YES;
				CLANG_WARN_BOOL_CONVERSION = YES;
				CLANG_WARN_COMMA = YES;
				CLANG_WARN_CONSTANT_CONVERSION = YES;
				CLANG_WARN_DEPRECATED_OBJC_IMPLEMENTATIONS = YES;
				CLANG_WARN_DIRECT_OBJC_ISA_USAGE = YES_ERROR;
				CLANG_WARN_DOCUMENTATION_COMMENTS = YES;
				CLANG_WARN_EMPTY_BODY = YES;
				CLANG_WARN_ENUM_CONVERSION = YES;
				CLANG_WARN_INFINITE_RECURSION = YES;
				CLANG_WARN_INT_CONVERSION = YES;
				CLANG_WARN_NON_LITERAL_NULL_CONVERSION = YES;
				CLANG_WARN_OBJC_IMPLICIT_RETAIN_SELF = YES;
				CLANG_WARN_OBJC_LITERAL_CONVERSION = YES;
				CLANG_WARN_OBJC_ROOT_CLASS = YES_ERROR;
				CLANG_WARN_QUOTED_INCLUDE_IN_FRAMEWORK_HEADER = YES;
				CLANG_WARN_RANGE_LOOP_ANALYSIS = YES;
				CLANG_WARN_STRICT_PROTOTYPES = YES;
				CLANG_WARN_SUSPICIOUS_MOVE = YES;
				CLANG_WARN_UNGUARDED_AVAILABILITY = YES_AGGRESSIVE;
				CLANG_WARN_UNREACHABLE_CODE = YES;
				CLANG_WARN__DUPLICATE_METHOD_MATCH = YES;
				COPY_PHASE_STRIP = NO;
				DEBUG_INFORMATION_FORMAT = "dwarf-with-dsym";
				ENABLE_NS_ASSERTIONS = NO;
				ENABLE_STRICT_OBJC_MSGSEND = YES;
				GCC_C_LANGUAGE_STANDARD = gnu11;
				GCC_NO_COMMON_BLOCKS = YES;
				GCC_WARN_64_TO_32_BIT_CONVERSION = YES;
				GCC_WARN_ABOUT_RETURN_TYPE = YES_ERROR;
				GCC_WARN_UNDECLARED_SELECTOR = YES;
				GCC_WARN_UNINITIALIZED_AUTOS = YES_AGGRESSIVE;
				GCC_WARN_UNUSED_FUNCTION = YES;
				GCC_WARN_UNUSED_VARIABLE = YES;
				IPHONEOS_DEPLOYMENT_TARGET = 16.4;
				MTL_ENABLE_DEBUG_INFO = NO;
				MTL_FAST_MATH = YES;
				SDKROOT = iphoneos;
				SWIFT_COMPILATION_MODE = wholemodule;
				SWIFT_OPTIMIZATION_LEVEL = "-O";
				VALIDATE_PRODUCT = YES;
			};
			name = Release;
		};
		1CFAB2072A1109F600302D88 /* Debug */ = {
			isa = XCBuildConfiguration;
			buildSettings = {
				ASSETCATALOG_COMPILER_APPICON_NAME = AppIcon;
				ASSETCATALOG_COMPILER_GLOBAL_ACCENT_COLOR_NAME = AccentColor;
				CODE_SIGN_STYLE = Automatic;
				CURRENT_PROJECT_VERSION = 1;
				DEVELOPMENT_TEAM = QDV7MRC2HW;
				GENERATE_INFOPLIST_FILE = YES;
				INFOPLIST_FILE = Neobis_iOS_WeatherApp/Info.plist;
				INFOPLIST_KEY_UIApplicationSupportsIndirectInputEvents = YES;
				INFOPLIST_KEY_UILaunchStoryboardName = LaunchScreen;
				INFOPLIST_KEY_UISupportedInterfaceOrientations_iPad = "UIInterfaceOrientationPortrait UIInterfaceOrientationPortraitUpsideDown UIInterfaceOrientationLandscapeLeft UIInterfaceOrientationLandscapeRight";
				INFOPLIST_KEY_UISupportedInterfaceOrientations_iPhone = "UIInterfaceOrientationPortrait UIInterfaceOrientationLandscapeLeft UIInterfaceOrientationLandscapeRight";
				LD_RUNPATH_SEARCH_PATHS = (
					"$(inherited)",
					"@executable_path/Frameworks",
				);
				MARKETING_VERSION = 1.0;
				PRODUCT_BUNDLE_IDENTIFIER = "aidarrsh.Neobis-iOS-WeatherApp";
				PRODUCT_NAME = "$(TARGET_NAME)";
				SWIFT_EMIT_LOC_STRINGS = YES;
				SWIFT_VERSION = 5.0;
				TARGETED_DEVICE_FAMILY = "1,2";
			};
			name = Debug;
		};
		1CFAB2082A1109F600302D88 /* Release */ = {
			isa = XCBuildConfiguration;
			buildSettings = {
				ASSETCATALOG_COMPILER_APPICON_NAME = AppIcon;
				ASSETCATALOG_COMPILER_GLOBAL_ACCENT_COLOR_NAME = AccentColor;
				CODE_SIGN_STYLE = Automatic;
				CURRENT_PROJECT_VERSION = 1;
				DEVELOPMENT_TEAM = QDV7MRC2HW;
				GENERATE_INFOPLIST_FILE = YES;
				INFOPLIST_FILE = Neobis_iOS_WeatherApp/Info.plist;
				INFOPLIST_KEY_UIApplicationSupportsIndirectInputEvents = YES;
				INFOPLIST_KEY_UILaunchStoryboardName = LaunchScreen;
				INFOPLIST_KEY_UISupportedInterfaceOrientations_iPad = "UIInterfaceOrientationPortrait UIInterfaceOrientationPortraitUpsideDown UIInterfaceOrientationLandscapeLeft UIInterfaceOrientationLandscapeRight";
				INFOPLIST_KEY_UISupportedInterfaceOrientations_iPhone = "UIInterfaceOrientationPortrait UIInterfaceOrientationLandscapeLeft UIInterfaceOrientationLandscapeRight";
				LD_RUNPATH_SEARCH_PATHS = (
					"$(inherited)",
					"@executable_path/Frameworks",
				);
				MARKETING_VERSION = 1.0;
				PRODUCT_BUNDLE_IDENTIFIER = "aidarrsh.Neobis-iOS-WeatherApp";
				PRODUCT_NAME = "$(TARGET_NAME)";
				SWIFT_EMIT_LOC_STRINGS = YES;
				SWIFT_VERSION = 5.0;
				TARGETED_DEVICE_FAMILY = "1,2";
			};
			name = Release;
		};
/* End XCBuildConfiguration section */

/* Begin XCConfigurationList section */
		1CFAB1ED2A1109F400302D88 /* Build configuration list for PBXProject "Neobis_iOS_WeatherApp" */ = {
			isa = XCConfigurationList;
			buildConfigurations = (
				1CFAB2042A1109F600302D88 /* Debug */,
				1CFAB2052A1109F600302D88 /* Release */,
			);
			defaultConfigurationIsVisible = 0;
			defaultConfigurationName = Release;
		};
		1CFAB2062A1109F600302D88 /* Build configuration list for PBXNativeTarget "Neobis_iOS_WeatherApp" */ = {
			isa = XCConfigurationList;
			buildConfigurations = (
				1CFAB2072A1109F600302D88 /* Debug */,
				1CFAB2082A1109F600302D88 /* Release */,
			);
			defaultConfigurationIsVisible = 0;
			defaultConfigurationName = Release;
		};
/* End XCConfigurationList section */

/* Begin XCRemoteSwiftPackageReference section */
		1CFAB2132A11184F00302D88 /* XCRemoteSwiftPackageReference "Snapkit" */ = {
			isa = XCRemoteSwiftPackageReference;
			repositoryURL = "https://github.com/Snapkit/Snapkit.git";
			requirement = {
				kind = upToNextMajorVersion;
				minimumVersion = 5.0.0;
			};
		};
/* End XCRemoteSwiftPackageReference section */

/* Begin XCSwiftPackageProductDependency section */
		1CFAB2142A11184F00302D88 /* SnapKit */ = {
			isa = XCSwiftPackageProductDependency;
			package = 1CFAB2132A11184F00302D88 /* XCRemoteSwiftPackageReference "Snapkit" */;
			productName = SnapKit;
		};
/* End XCSwiftPackageProductDependency section */
	};
	rootObject = 1CFAB1EA2A1109F400302D88 /* Project object */;
}
